<?xml version="1.0" encoding="utf-8"?>
<Project ToolsVersion="4.0" xmlns="http://schemas.microsoft.com/developer/msbuild/2003">
  <ItemGroup>
    <Filter Include="Source Files">
      <UniqueIdentifier>{4FC737F1-C7A5-4376-A066-2A32D752A2FF}</UniqueIdentifier>
      <Extensions>cpp;c;cc;cxx;c++;cppm;ixx;def;odl;idl;hpj;bat;asm;asmx</Extensions>
    </Filter>
    <Filter Include="Header Files">
      <UniqueIdentifier>{93995380-89BD-4b04-88EB-625FBE52EBFB}</UniqueIdentifier>
      <Extensions>h;hh;hpp;hxx;h++;hm;inl;inc;ipp;xsd</Extensions>
    </Filter>
    <Filter Include="Resource Files">
      <UniqueIdentifier>{67DA6AB6-F800-4c08-8B7A-83BB121AAD01}</UniqueIdentifier>
      <Extensions>rc;ico;cur;bmp;dlg;rc2;rct;bin;rgs;gif;jpg;jpeg;jpe;resx;tiff;tif;png;wav;mfcribbon-ms</Extensions>
    </Filter>
    <Filter Include="Shaders">
      <UniqueIdentifier>{5db4ff0d-7f62-40e2-ad82-254813c66189}</UniqueIdentifier>
    </Filter>
    <Filter Include="Header Files\Win32">
      <UniqueIdentifier>{fd9536aa-f799-4d89-8521-457568e541b2}</UniqueIdentifier>
    </Filter>
    <Filter Include="Source Files\Win32">
      <UniqueIdentifier>{72f63415-6267-4efb-a745-47d8f98eb16a}</UniqueIdentifier>
    </Filter>
    <Filter Include="Header Files\SceneManager">
      <UniqueIdentifier>{e09104e2-c4ea-40aa-b26c-948cf642d804}</UniqueIdentifier>
    </Filter>
    <Filter Include="Header Files\Bindable">
      <UniqueIdentifier>{8cf1a705-8980-4b11-b836-ebb0e0e7d6b5}</UniqueIdentifier>
    </Filter>
    <Filter Include="Source Files\Bindable">
      <UniqueIdentifier>{1c6472b0-e4bf-487f-b1e4-e44ea244646a}</UniqueIdentifier>
    </Filter>
    <Filter Include="Header Files\Drawable">
      <UniqueIdentifier>{1a6f20d6-81b0-49b3-9145-3c8ebcfa3523}</UniqueIdentifier>
    </Filter>
    <Filter Include="Source Files\Drawable">
      <UniqueIdentifier>{3f2e8c76-b24e-4a2d-826c-f2c34eb70195}</UniqueIdentifier>
    </Filter>
    <Filter Include="Header Files\Bindable\Bindables">
      <UniqueIdentifier>{1fe7dce9-e9b5-479b-a2a4-b2146abae857}</UniqueIdentifier>
    </Filter>
    <Filter Include="Source Files\Bindable\Bindables">
      <UniqueIdentifier>{76be1ffb-0f10-4fd2-a596-3aaab9011167}</UniqueIdentifier>
    </Filter>
    <Filter Include="Source Files\SceneManager">
      <UniqueIdentifier>{119c3f0e-1421-4ea3-9c42-c3b64d926c1f}</UniqueIdentifier>
    </Filter>
    <Filter Include="Header Files\ResourceManager">
      <UniqueIdentifier>{a6aa55f3-7d79-4682-89c7-d4e1e62cc6dd}</UniqueIdentifier>
    </Filter>
    <Filter Include="Source Files\ResourceManager">
      <UniqueIdentifier>{319c4aae-fc7c-4249-9b7f-4827d22abee6}</UniqueIdentifier>
    </Filter>
    <Filter Include="Source Files\Utilities">
      <UniqueIdentifier>{83dd5fbc-0e04-44d6-8b31-9a85a0c0cc8e}</UniqueIdentifier>
    </Filter>
    <Filter Include="Header Files\Utilities">
      <UniqueIdentifier>{d249ce03-c4ae-4ad7-9630-405e8d650b28}</UniqueIdentifier>
    </Filter>
    <Filter Include="Source Files\GraphicsDeviceInterface">
      <UniqueIdentifier>{47d7d1cd-f10c-4417-b3c1-c63114b27d78}</UniqueIdentifier>
    </Filter>
    <Filter Include="Header Files\GraphicsDeviceInterface">
      <UniqueIdentifier>{1b984509-002d-4dda-9e20-23de4c7393c4}</UniqueIdentifier>
    </Filter>
    <Filter Include="Shaders\Common">
      <UniqueIdentifier>{26c16b0e-c054-4ee3-b3d2-998df90a86e6}</UniqueIdentifier>
    </Filter>
    <Filter Include="Shaders\Deferred">
      <UniqueIdentifier>{babc56cd-bbcd-4da6-83f5-99bc02353bcf}</UniqueIdentifier>
    </Filter>
    <Filter Include="Shaders\Forward">
      <UniqueIdentifier>{7ff7ccf7-ce9a-4997-800d-91cc3a7ba04f}</UniqueIdentifier>
    </Filter>
    <Filter Include="Header Files\ResourceManager\Geometry">
      <UniqueIdentifier>{189dbe2f-49a1-4267-8d80-8987fe12d306}</UniqueIdentifier>
    </Filter>
    <Filter Include="Header Files\GUI">
      <UniqueIdentifier>{2de4853a-a1d3-4360-9c89-fdce25b33c69}</UniqueIdentifier>
    </Filter>
    <Filter Include="Source Files\GUI">
      <UniqueIdentifier>{13556157-0efd-4862-b16a-e404ca67bb88}</UniqueIdentifier>
    </Filter>
    <Filter Include="Header Files\GUI\Forms">
      <UniqueIdentifier>{563ec4cc-2ec4-4b9b-80e3-ffe68ab4bdd2}</UniqueIdentifier>
    </Filter>
    <Filter Include="Shaders\GUI">
      <UniqueIdentifier>{117c71f5-5da3-4b48-9301-8e4335777e97}</UniqueIdentifier>
    </Filter>
    <Filter Include="Header Files\GUI\Text">
      <UniqueIdentifier>{f5c7eabe-53d0-4a37-a6fc-b7af55d5e9b4}</UniqueIdentifier>
    </Filter>
    <Filter Include="Source Files\GUI\Text">
      <UniqueIdentifier>{d087ec5a-a836-4307-a497-a301d7331c6e}</UniqueIdentifier>
    </Filter>
    <Filter Include="Source Files\GUI\Forms">
      <UniqueIdentifier>{7af72b16-6eb6-45da-a0d8-2f36f83366bf}</UniqueIdentifier>
    </Filter>
  </ItemGroup>
  <ItemGroup>
    <ClCompile Include="App.cpp">
      <Filter>Source Files</Filter>
    </ClCompile>
    <ClCompile Include="Bindable\Bindable.cpp">
      <Filter>Source Files\Bindable</Filter>
    </ClCompile>
    <ClCompile Include="Drawable\Drawable.cpp">
      <Filter>Source Files\Drawable</Filter>
    </ClCompile>
    <ClCompile Include="Drawable\Cube.cpp">
      <Filter>Source Files\Drawable</Filter>
    </ClCompile>
    <ClCompile Include="SceneManager\SceneManager.cpp">
      <Filter>Source Files\SceneManager</Filter>
    </ClCompile>
    <ClCompile Include="SceneManager\Camera.cpp">
      <Filter>Source Files\SceneManager</Filter>
    </ClCompile>
    <ClCompile Include="Bindable\Bindables\VertexShader.cpp">
      <Filter>Source Files\Bindable\Bindables</Filter>
    </ClCompile>
    <ClCompile Include="Bindable\Bindables\VertexBuffer.cpp">
      <Filter>Source Files\Bindable\Bindables</Filter>
    </ClCompile>
    <ClCompile Include="Bindable\Bindables\Topology.cpp">
      <Filter>Source Files\Bindable\Bindables</Filter>
    </ClCompile>
    <ClCompile Include="Bindable\Bindables\TransformCBuf.cpp">
      <Filter>Source Files\Bindable\Bindables</Filter>
    </ClCompile>
    <ClCompile Include="Bindable\Bindables\IndexBuffer.cpp">
      <Filter>Source Files\Bindable\Bindables</Filter>
    </ClCompile>
    <ClCompile Include="Bindable\Bindables\InputLayout.cpp">
      <Filter>Source Files\Bindable\Bindables</Filter>
    </ClCompile>
    <ClCompile Include="Bindable\Bindables\PixelShader.cpp">
      <Filter>Source Files\Bindable\Bindables</Filter>
    </ClCompile>
    <ClCompile Include="Bindable\Bindables\Rasterizer.cpp">
      <Filter>Source Files\Bindable\Bindables</Filter>
    </ClCompile>
    <ClCompile Include="Win32\Mouse.cpp">
      <Filter>Source Files\Win32</Filter>
    </ClCompile>
    <ClCompile Include="Win32\Keyboard.cpp">
      <Filter>Source Files\Win32</Filter>
    </ClCompile>
    <ClCompile Include="Win32\Win32Window.cpp">
      <Filter>Source Files\Win32</Filter>
    </ClCompile>
    <ClCompile Include="ResourceManager\Vertex.cpp">
      <Filter>Source Files\ResourceManager</Filter>
    </ClCompile>
    <ClCompile Include="Utilities\SleepyUtil.cpp">
      <Filter>Source Files\Utilities</Filter>
    </ClCompile>
    <ClCompile Include="Utilities\FrameTimer.cpp">
      <Filter>Source Files\Utilities</Filter>
    </ClCompile>
    <ClCompile Include="GraphicsDeviceInterface\GraphicsDeviceInterface.cpp">
      <Filter>Source Files\GraphicsDeviceInterface</Filter>
    </ClCompile>
    <ClCompile Include="GraphicsDeviceInterface\D3D11Interface.cpp">
      <Filter>Source Files\GraphicsDeviceInterface</Filter>
    </ClCompile>
    <ClCompile Include="ResourceManager\Mesh.cpp">
      <Filter>Source Files\ResourceManager</Filter>
    </ClCompile>
    <ClCompile Include="ResourceManager\Surface.cpp">
      <Filter>Source Files\ResourceManager</Filter>
    </ClCompile>
    <ClCompile Include="Bindable\Bindables\DynamicConstant.cpp">
      <Filter>Source Files\Bindable\Bindables</Filter>
    </ClCompile>
    <ClCompile Include="ResourceManager\LayoutCodex.cpp">
      <Filter>Source Files\ResourceManager</Filter>
    </ClCompile>
    <ClCompile Include="Bindable\Bindables\Texture.cpp">
      <Filter>Source Files\Bindable\Bindables</Filter>
    </ClCompile>
    <ClCompile Include="Bindable\Bindables\Sampler.cpp">
      <Filter>Source Files\Bindable\Bindables</Filter>
    </ClCompile>
    <ClCompile Include="WinMain.cpp">
      <Filter>Source Files</Filter>
    </ClCompile>
    <ClCompile Include="Win32\Win32MessageMap.cpp">
      <Filter>Source Files\Win32</Filter>
    </ClCompile>
    <ClCompile Include="Bindable\Bindables\Blender.cpp">
      <Filter>Source Files\Bindable\Bindables</Filter>
    </ClCompile>
    <ClCompile Include="Drawable\DirectionalLight.cpp">
      <Filter>Source Files\Drawable</Filter>
    </ClCompile>
    <ClCompile Include="Drawable\PointLight.cpp">
      <Filter>Source Files\Drawable</Filter>
    </ClCompile>
    <ClCompile Include="GUI\GUIManager.cpp">
      <Filter>Source Files\GUI</Filter>
    </ClCompile>
    <ClCompile Include="GUI\GUIElement.cpp">
      <Filter>Source Files\GUI</Filter>
    </ClCompile>
    <ClCompile Include="GUI\ChooseRenderTechnique.cpp">
      <Filter>Source Files\GUI</Filter>
    </ClCompile>
    <ClCompile Include="SceneManager\LightManager.cpp">
      <Filter>Source Files\SceneManager</Filter>
    </ClCompile>
    <ClCompile Include="Drawable\SolidSphere.cpp">
      <Filter>Source Files\Drawable</Filter>
    </ClCompile>
    <ClCompile Include="GUI\Text\TextManager.cpp">
      <Filter>Source Files\GUI\Text</Filter>
    </ClCompile>
    <ClCompile Include="GUI\Forms\TextBox.cpp">
      <Filter>Source Files\GUI\Forms</Filter>
    </ClCompile>
    <ClCompile Include="GUI\Forms\Form.cpp">
      <Filter>Source Files\GUI\Forms</Filter>
    </ClCompile>
  </ItemGroup>
  <ItemGroup>
    <ClInclude Include="App.h">
      <Filter>Header Files</Filter>
    </ClInclude>
    <ClInclude Include="Bindable\Bindable.h">
      <Filter>Header Files\Bindable</Filter>
    </ClInclude>
    <ClInclude Include="Bindable\BindableCommon.h">
      <Filter>Header Files\Bindable</Filter>
    </ClInclude>
    <ClInclude Include="Bindable\BindableCodex.h">
      <Filter>Header Files\Bindable</Filter>
    </ClInclude>
    <ClInclude Include="Drawable\Drawable.h">
      <Filter>Header Files\Drawable</Filter>
    </ClInclude>
    <ClInclude Include="Drawable\Cube.h">
      <Filter>Header Files\Drawable</Filter>
    </ClInclude>
    <ClInclude Include="SceneManager\Camera.h">
      <Filter>Header Files\SceneManager</Filter>
    </ClInclude>
    <ClInclude Include="Bindable\Bindables\ConstantBuffers.h">
      <Filter>Header Files\Bindable\Bindables</Filter>
    </ClInclude>
    <ClInclude Include="Bindable\Bindables\IndexBuffer.h">
      <Filter>Header Files\Bindable\Bindables</Filter>
    </ClInclude>
    <ClInclude Include="Bindable\Bindables\InputLayout.h">
      <Filter>Header Files\Bindable\Bindables</Filter>
    </ClInclude>
    <ClInclude Include="Bindable\Bindables\Topology.h">
      <Filter>Header Files\Bindable\Bindables</Filter>
    </ClInclude>
    <ClInclude Include="Bindable\Bindables\Rasterizer.h">
      <Filter>Header Files\Bindable\Bindables</Filter>
    </ClInclude>
    <ClInclude Include="Bindable\Bindables\PixelShader.h">
      <Filter>Header Files\Bindable\Bindables</Filter>
    </ClInclude>
    <ClInclude Include="Bindable\Bindables\TransformCBuf.h">
      <Filter>Header Files\Bindable\Bindables</Filter>
    </ClInclude>
    <ClInclude Include="Bindable\Bindables\VertexShader.h">
      <Filter>Header Files\Bindable\Bindables</Filter>
    </ClInclude>
    <ClInclude Include="Bindable\Bindables\VertexBuffer.h">
      <Filter>Header Files\Bindable\Bindables</Filter>
    </ClInclude>
    <ClInclude Include="Win32\Mouse.h">
      <Filter>Header Files\Win32</Filter>
    </ClInclude>
    <ClInclude Include="Win32\Keyboard.h">
      <Filter>Header Files\Win32</Filter>
    </ClInclude>
    <ClInclude Include="Win32\Win32Window.h">
      <Filter>Header Files\Win32</Filter>
    </ClInclude>
    <ClInclude Include="ResourceManager\Color.h">
      <Filter>Header Files\ResourceManager</Filter>
    </ClInclude>
    <ClInclude Include="ResourceManager\IndexedTriangleList.h">
      <Filter>Header Files\ResourceManager</Filter>
    </ClInclude>
    <ClInclude Include="ResourceManager\Vertex.h">
      <Filter>Header Files\ResourceManager</Filter>
    </ClInclude>
    <ClInclude Include="Utilities\SleepyUtil.h">
      <Filter>Header Files\Utilities</Filter>
    </ClInclude>
    <ClInclude Include="Utilities\NumericDataTypes.h">
      <Filter>Header Files\Utilities</Filter>
    </ClInclude>
    <ClInclude Include="Utilities\SleepyMath.h">
      <Filter>Header Files\Utilities</Filter>
    </ClInclude>
    <ClInclude Include="Utilities\FrameTimer.h">
      <Filter>Header Files\Utilities</Filter>
    </ClInclude>
    <ClInclude Include="GraphicsDeviceInterface\GraphicsDeviceInterface.h">
      <Filter>Header Files\GraphicsDeviceInterface</Filter>
    </ClInclude>
    <ClInclude Include="GraphicsDeviceInterface\D3D11Interface.h">
      <Filter>Header Files\GraphicsDeviceInterface</Filter>
    </ClInclude>
    <ClInclude Include="ResourceManager\Mesh.h">
      <Filter>Header Files\ResourceManager</Filter>
    </ClInclude>
    <ClInclude Include="ResourceManager\Surface.h">
      <Filter>Header Files\ResourceManager</Filter>
    </ClInclude>
    <ClInclude Include="Utilities\SleepyXM.h">
      <Filter>Header Files\Utilities</Filter>
    </ClInclude>
    <ClInclude Include="Bindable\Bindables\DynamicConstant.h">
      <Filter>Header Files\Bindable\Bindables</Filter>
    </ClInclude>
    <ClInclude Include="ResourceManager\LayoutCodex.h">
      <Filter>Header Files\ResourceManager</Filter>
    </ClInclude>
    <ClInclude Include="Bindable\Bindables\Texture.h">
      <Filter>Header Files\Bindable\Bindables</Filter>
    </ClInclude>
    <ClInclude Include="Bindable\Bindables\Sampler.h">
      <Filter>Header Files\Bindable\Bindables</Filter>
    </ClInclude>
    <ClInclude Include="Bindable\Bindables\Blender.h">
      <Filter>Header Files\Bindable\Bindables</Filter>
    </ClInclude>
    <ClInclude Include="Shaders\Common\PointLight.hlsl">
      <Filter>Shaders\Common</Filter>
    </ClInclude>
    <ClInclude Include="Win32\WinDefines.h">
      <Filter>Header Files\Win32</Filter>
    </ClInclude>
    <ClInclude Include="Win32\Win32MessageMap.h">
      <Filter>Header Files\Win32</Filter>
    </ClInclude>
    <ClInclude Include="Drawable\DirectionalLight.h">
      <Filter>Header Files\Drawable</Filter>
    </ClInclude>
    <ClInclude Include="Drawable\PointLight.h">
      <Filter>Header Files\Drawable</Filter>
    </ClInclude>
    <ClInclude Include="ResourceManager\Geometry\Sphere.h">
      <Filter>Header Files\ResourceManager\Geometry</Filter>
    </ClInclude>
    <ClInclude Include="SceneManager\RenderTechnique.h">
      <Filter>Header Files\SceneManager</Filter>
    </ClInclude>
    <ClInclude Include="SceneManager\SceneManager.h">
      <Filter>Header Files\SceneManager</Filter>
    </ClInclude>
    <ClInclude Include="Bindable\Bindables\ConstantBuffersEx.h">
      <Filter>Header Files\Bindable\Bindables</Filter>
    </ClInclude>
    <ClInclude Include="GUI\GUIManager.h">
      <Filter>Header Files\GUI</Filter>
    </ClInclude>
    <ClInclude Include="GUI\GUIElement.h">
      <Filter>Header Files\GUI</Filter>
    </ClInclude>
    <ClInclude Include="GUI\ChooseRenderTechnique.h">
      <Filter>Header Files\GUI</Filter>
    </ClInclude>
    <ClInclude Include="GUI\Forms\Rectangle.h">
      <Filter>Header Files\GUI\Forms</Filter>
    </ClInclude>
    <ClInclude Include="GUI\UI_ID.h">
      <Filter>Header Files\GUI</Filter>
    </ClInclude>
    <ClInclude Include="Bindable\Bindables\StructuredBuffers.h">
      <Filter>Header Files\Bindable\Bindables</Filter>
    </ClInclude>
    <ClInclude Include="SceneManager\LightManager.h">
      <Filter>Header Files\SceneManager</Filter>
    </ClInclude>
    <ClInclude Include="Drawable\SolidSphere.h">
      <Filter>Header Files\Drawable</Filter>
    </ClInclude>
    <ClInclude Include="GUI\Text\TextManager.h">
      <Filter>Header Files\GUI\Text</Filter>
    </ClInclude>
    <ClInclude Include="GUI\Forms\Form.h">
      <Filter>Header Files\GUI\Forms</Filter>
    </ClInclude>
    <ClInclude Include="GUI\Forms\TextBox.h">
      <Filter>Header Files\GUI\Forms</Filter>
    </ClInclude>
  </ItemGroup>
  <ItemGroup>
    <FxCompile Include="Shaders\Common\Transform.hlsl">
      <Filter>Shaders\Common</Filter>
    </FxCompile>
    <FxCompile Include="Shaders\Common\LightVectorData.hlsl">
      <Filter>Shaders\Common</Filter>
    </FxCompile>
    <FxCompile Include="Shaders\Common\ShaderOps.hlsl">
      <Filter>Shaders\Common</Filter>
    </FxCompile>
    <FxCompile Include="Shaders\Deferred\D_PhongPSSpecNormMask.hlsl">
      <Filter>Shaders\Deferred</Filter>
    </FxCompile>
    <FxCompile Include="Shaders\Deferred\D_PhongPS.hlsl">
      <Filter>Shaders\Deferred</Filter>
    </FxCompile>
    <FxCompile Include="Shaders\Deferred\D_PhongPSNormalMap.hlsl">
      <Filter>Shaders\Deferred</Filter>
    </FxCompile>
    <FxCompile Include="Shaders\Deferred\D_PhongPSNotex.hlsl">
      <Filter>Shaders\Deferred</Filter>
    </FxCompile>
    <FxCompile Include="Shaders\Deferred\D_PhongPSSpec.hlsl">
      <Filter>Shaders\Deferred</Filter>
    </FxCompile>
    <FxCompile Include="Shaders\Deferred\D_PhongPSSpecNormalMap.hlsl">
      <Filter>Shaders\Deferred</Filter>
    </FxCompile>
    <FxCompile Include="Shaders\Forward\F_PhongPSSpecNormMask.hlsl">
      <Filter>Shaders\Forward</Filter>
    </FxCompile>
    <FxCompile Include="Shaders\Forward\F_PhongPS.hlsl">
      <Filter>Shaders\Forward</Filter>
    </FxCompile>
    <FxCompile Include="Shaders\Forward\F_PhongPSNormalMap.hlsl">
      <Filter>Shaders\Forward</Filter>
    </FxCompile>
    <FxCompile Include="Shaders\Forward\F_PhongPSNormalMapObject.hlsl">
      <Filter>Shaders\Forward</Filter>
    </FxCompile>
    <FxCompile Include="Shaders\Forward\F_PhongPSNotex.hlsl">
      <Filter>Shaders\Forward</Filter>
    </FxCompile>
    <FxCompile Include="Shaders\Forward\F_PhongPSSpec.hlsl">
      <Filter>Shaders\Forward</Filter>
    </FxCompile>
    <FxCompile Include="Shaders\Forward\F_PhongPSSpecNormalMap.hlsl">
      <Filter>Shaders\Forward</Filter>
    </FxCompile>
    <FxCompile Include="Shaders\Deferred\LightVS.hlsl">
      <Filter>Shaders\Deferred</Filter>
    </FxCompile>
    <FxCompile Include="Shaders\Deferred\LightPS.hlsl">
      <Filter>Shaders\Deferred</Filter>
    </FxCompile>
    <FxCompile Include="Shaders\Deferred\PointLightVS.hlsl">
      <Filter>Shaders\Deferred</Filter>
    </FxCompile>
    <FxCompile Include="Shaders\Deferred\PointLightPS.hlsl">
      <Filter>Shaders\Deferred</Filter>
    </FxCompile>
    <FxCompile Include="Shaders\Deferred\D_PhongVSNotex.hlsl">
      <Filter>Shaders\Deferred</Filter>
    </FxCompile>
    <FxCompile Include="Shaders\Deferred\D_PhongVS.hlsl">
      <Filter>Shaders\Deferred</Filter>
    </FxCompile>
    <FxCompile Include="Shaders\Deferred\D_PhongVSNormalMap.hlsl">
      <Filter>Shaders\Deferred</Filter>
    </FxCompile>
    <FxCompile Include="Shaders\Forward\F_PhongVS.hlsl">
      <Filter>Shaders\Forward</Filter>
    </FxCompile>
    <FxCompile Include="Shaders\Forward\F_PhongVSNormalMap.hlsl">
      <Filter>Shaders\Forward</Filter>
    </FxCompile>
    <FxCompile Include="Shaders\Forward\F_PhongVSNotex.hlsl">
      <Filter>Shaders\Forward</Filter>
    </FxCompile>
    <FxCompile Include="Shaders\GUI\PhongVS.hlsl">
      <Filter>Shaders\GUI</Filter>
    </FxCompile>
    <FxCompile Include="Shaders\GUI\PhongPS.hlsl">
      <Filter>Shaders\GUI</Filter>
    </FxCompile>
    <FxCompile Include="Shaders\Common\DirectionalLight.hlsl">
      <Filter>Shaders\Common</Filter>
    </FxCompile>
    <FxCompile Include="Shaders\Common\SolidPS.hlsl">
      <Filter>Shaders\Common</Filter>
    </FxCompile>
    <FxCompile Include="Shaders\Common\SolidVS.hlsl">
      <Filter>Shaders\Common</Filter>
    </FxCompile>
  </ItemGroup>
  <ItemGroup>
    <None Include="Shaders\GUI\FontPS.hlsl">
      <Filter>Shaders\GUI</Filter>
    </None>
    <None Include="Shaders\GUI\FontVS.hlsl">
      <Filter>Shaders\GUI</Filter>
    </None>
  </ItemGroup>
</Project>