<?xml version="1.0" encoding="utf-8"?>
<Project ToolsVersion="4.0" xmlns="http://schemas.microsoft.com/developer/msbuild/2003">
  <ItemGroup>
    <Filter Include="Source Files">
      <UniqueIdentifier>{4FC737F1-C7A5-4376-A066-2A32D752A2FF}</UniqueIdentifier>
      <Extensions>cpp;c;cc;cxx;c++;cppm;ixx;def;odl;idl;hpj;bat;asm;asmx</Extensions>
    </Filter>
    <Filter Include="Header Files">
      <UniqueIdentifier>{93995380-89BD-4b04-88EB-625FBE52EBFB}</UniqueIdentifier>
      <Extensions>h;hh;hpp;hxx;h++;hm;inl;inc;ipp;xsd</Extensions>
    </Filter>
    <Filter Include="Resource Files">
      <UniqueIdentifier>{67DA6AB6-F800-4c08-8B7A-83BB121AAD01}</UniqueIdentifier>
      <Extensions>rc;ico;cur;bmp;dlg;rc2;rct;bin;rgs;gif;jpg;jpeg;jpe;resx;tiff;tif;png;wav;mfcribbon-ms</Extensions>
    </Filter>
    <Filter Include="Shaders">
      <UniqueIdentifier>{5db4ff0d-7f62-40e2-ad82-254813c66189}</UniqueIdentifier>
    </Filter>
    <Filter Include="Header Files\Win32">
      <UniqueIdentifier>{fd9536aa-f799-4d89-8521-457568e541b2}</UniqueIdentifier>
    </Filter>
    <Filter Include="Source Files\Win32">
      <UniqueIdentifier>{72f63415-6267-4efb-a745-47d8f98eb16a}</UniqueIdentifier>
    </Filter>
    <Filter Include="Header Files\SceneManager">
      <UniqueIdentifier>{e09104e2-c4ea-40aa-b26c-948cf642d804}</UniqueIdentifier>
    </Filter>
    <Filter Include="Header Files\Bindable">
      <UniqueIdentifier>{8cf1a705-8980-4b11-b836-ebb0e0e7d6b5}</UniqueIdentifier>
    </Filter>
    <Filter Include="Source Files\Bindable">
      <UniqueIdentifier>{1c6472b0-e4bf-487f-b1e4-e44ea244646a}</UniqueIdentifier>
    </Filter>
    <Filter Include="Header Files\Drawable">
      <UniqueIdentifier>{1a6f20d6-81b0-49b3-9145-3c8ebcfa3523}</UniqueIdentifier>
    </Filter>
    <Filter Include="Source Files\Drawable">
      <UniqueIdentifier>{3f2e8c76-b24e-4a2d-826c-f2c34eb70195}</UniqueIdentifier>
    </Filter>
    <Filter Include="Header Files\Bindable\Bindables">
      <UniqueIdentifier>{1fe7dce9-e9b5-479b-a2a4-b2146abae857}</UniqueIdentifier>
    </Filter>
    <Filter Include="Source Files\Bindable\Bindables">
      <UniqueIdentifier>{76be1ffb-0f10-4fd2-a596-3aaab9011167}</UniqueIdentifier>
    </Filter>
    <Filter Include="Source Files\SceneManager">
      <UniqueIdentifier>{119c3f0e-1421-4ea3-9c42-c3b64d926c1f}</UniqueIdentifier>
    </Filter>
    <Filter Include="Source Files\Utilities">
      <UniqueIdentifier>{83dd5fbc-0e04-44d6-8b31-9a85a0c0cc8e}</UniqueIdentifier>
    </Filter>
    <Filter Include="Header Files\Utilities">
      <UniqueIdentifier>{d249ce03-c4ae-4ad7-9630-405e8d650b28}</UniqueIdentifier>
    </Filter>
    <Filter Include="Shaders\Common">
      <UniqueIdentifier>{26c16b0e-c054-4ee3-b3d2-998df90a86e6}</UniqueIdentifier>
    </Filter>
    <Filter Include="Shaders\Deferred">
      <UniqueIdentifier>{babc56cd-bbcd-4da6-83f5-99bc02353bcf}</UniqueIdentifier>
    </Filter>
    <Filter Include="Shaders\Forward">
      <UniqueIdentifier>{7ff7ccf7-ce9a-4997-800d-91cc3a7ba04f}</UniqueIdentifier>
    </Filter>
    <Filter Include="Header Files\GUI">
      <UniqueIdentifier>{2de4853a-a1d3-4360-9c89-fdce25b33c69}</UniqueIdentifier>
    </Filter>
    <Filter Include="Source Files\GUI">
      <UniqueIdentifier>{13556157-0efd-4862-b16a-e404ca67bb88}</UniqueIdentifier>
    </Filter>
    <Filter Include="Header Files\Libraries">
      <UniqueIdentifier>{0d66c685-0829-4b7e-bc57-76d986ae5a9d}</UniqueIdentifier>
    </Filter>
    <Filter Include="Source Files\Libraries">
      <UniqueIdentifier>{c8dab9ae-3d2c-4909-b1f5-388871983c33}</UniqueIdentifier>
    </Filter>
    <Filter Include="Header Files\Libraries\imgui">
      <UniqueIdentifier>{bca348e6-cf96-4938-9889-1f652f134254}</UniqueIdentifier>
    </Filter>
    <Filter Include="Source Files\Libraries\imgui">
      <UniqueIdentifier>{2db283c1-705c-4485-abd3-72be7ba8c19c}</UniqueIdentifier>
    </Filter>
    <Filter Include="Source Files\Graphics">
      <UniqueIdentifier>{47d7d1cd-f10c-4417-b3c1-c63114b27d78}</UniqueIdentifier>
    </Filter>
    <Filter Include="Header Files\Graphics">
      <UniqueIdentifier>{1b984509-002d-4dda-9e20-23de4c7393c4}</UniqueIdentifier>
    </Filter>
    <Filter Include="Header Files\Macros">
      <UniqueIdentifier>{0245ba75-ba5e-46d0-908f-676942dad42d}</UniqueIdentifier>
    </Filter>
    <Filter Include="Header Files\Camera">
      <UniqueIdentifier>{76ceac8a-4e29-4cc8-867f-0c14ffc1628a}</UniqueIdentifier>
    </Filter>
    <Filter Include="Source Files\Camera">
      <UniqueIdentifier>{e0631365-ec3f-48a3-a3fc-5515fcf0dde5}</UniqueIdentifier>
    </Filter>
    <Filter Include="Source Files\Renderer">
      <UniqueIdentifier>{319c4aae-fc7c-4249-9b7f-4827d22abee6}</UniqueIdentifier>
    </Filter>
    <Filter Include="Source Files\Renderer\Jobber">
      <UniqueIdentifier>{707840a8-4d84-4760-9d7d-a186a100c730}</UniqueIdentifier>
    </Filter>
    <Filter Include="Source Files\Renderer\Jobber\Passlib">
      <UniqueIdentifier>{f5808d9c-db38-4202-88e9-a69bfb7c8caa}</UniqueIdentifier>
    </Filter>
    <Filter Include="Source Files\Renderer\Model">
      <UniqueIdentifier>{c6681bbe-fe8a-4e6d-984f-af2be0d24358}</UniqueIdentifier>
    </Filter>
    <Filter Include="Header Files\Renderer">
      <UniqueIdentifier>{ae8ed010-06ef-4a73-a3d0-e5a2ce580dc8}</UniqueIdentifier>
    </Filter>
    <Filter Include="Header Files\Renderer\Jobber">
      <UniqueIdentifier>{0bd641ba-7b43-45d0-a37b-93d0db732b23}</UniqueIdentifier>
    </Filter>
    <Filter Include="Header Files\Renderer\Model">
      <UniqueIdentifier>{e0d4a28d-6efc-4c5c-99ab-41fbaf12b6d2}</UniqueIdentifier>
    </Filter>
    <Filter Include="Header Files\Renderer\Jobber\Passlib">
      <UniqueIdentifier>{1ae72050-9b27-4ad5-bc09-b21574f412d8}</UniqueIdentifier>
    </Filter>
    <Filter Include="Header Files\Geometry">
      <UniqueIdentifier>{8c970e15-4c66-4eb5-8105-bcf693851f29}</UniqueIdentifier>
    </Filter>
  </ItemGroup>
  <ItemGroup>
    <ClCompile Include="App.cpp">
      <Filter>Source Files</Filter>
    </ClCompile>
    <ClCompile Include="Drawable\Drawable.cpp">
      <Filter>Source Files\Drawable</Filter>
    </ClCompile>
    <ClCompile Include="SceneManager\SceneManager.cpp">
      <Filter>Source Files\SceneManager</Filter>
    </ClCompile>
    <ClCompile Include="Bindable\Bindables\VertexShader.cpp">
      <Filter>Source Files\Bindable\Bindables</Filter>
    </ClCompile>
    <ClCompile Include="Bindable\Bindables\VertexBuffer.cpp">
      <Filter>Source Files\Bindable\Bindables</Filter>
    </ClCompile>
    <ClCompile Include="Bindable\Bindables\Topology.cpp">
      <Filter>Source Files\Bindable\Bindables</Filter>
    </ClCompile>
    <ClCompile Include="Bindable\Bindables\TransformCBuf.cpp">
      <Filter>Source Files\Bindable\Bindables</Filter>
    </ClCompile>
    <ClCompile Include="Bindable\Bindables\IndexBuffer.cpp">
      <Filter>Source Files\Bindable\Bindables</Filter>
    </ClCompile>
    <ClCompile Include="Bindable\Bindables\InputLayout.cpp">
      <Filter>Source Files\Bindable\Bindables</Filter>
    </ClCompile>
    <ClCompile Include="Bindable\Bindables\PixelShader.cpp">
      <Filter>Source Files\Bindable\Bindables</Filter>
    </ClCompile>
    <ClCompile Include="Bindable\Bindables\Rasterizer.cpp">
      <Filter>Source Files\Bindable\Bindables</Filter>
    </ClCompile>
    <ClCompile Include="Win32\Window.cpp">
      <Filter>Source Files\Win32</Filter>
    </ClCompile>
    <ClCompile Include="Utilities\ChiliUtil.cpp">
      <Filter>Source Files\Utilities</Filter>
    </ClCompile>
    <ClCompile Include="Utilities\FrameTimer.cpp">
      <Filter>Source Files\Utilities</Filter>
    </ClCompile>
    <ClCompile Include="Bindable\Bindables\DynamicConstant.cpp">
      <Filter>Source Files\Bindable\Bindables</Filter>
    </ClCompile>
    <ClCompile Include="Bindable\Bindables\Texture.cpp">
      <Filter>Source Files\Bindable\Bindables</Filter>
    </ClCompile>
    <ClCompile Include="Bindable\Bindables\Sampler.cpp">
      <Filter>Source Files\Bindable\Bindables</Filter>
    </ClCompile>
    <ClCompile Include="WinMain.cpp">
      <Filter>Source Files</Filter>
    </ClCompile>
    <ClCompile Include="Win32\Win32MessageMap.cpp">
      <Filter>Source Files\Win32</Filter>
    </ClCompile>
    <ClCompile Include="Bindable\Bindables\Blender.cpp">
      <Filter>Source Files\Bindable\Bindables</Filter>
    </ClCompile>
    <ClCompile Include="Drawable\DirectionalLight.cpp">
      <Filter>Source Files\Drawable</Filter>
    </ClCompile>
    <ClCompile Include="Drawable\PointLight.cpp">
      <Filter>Source Files\Drawable</Filter>
    </ClCompile>
    <ClCompile Include="SceneManager\LightManager.cpp">
      <Filter>Source Files\SceneManager</Filter>
    </ClCompile>
    <ClCompile Include="Drawable\SolidSphere.cpp">
      <Filter>Source Files\Drawable</Filter>
    </ClCompile>
    <ClCompile Include="GUI\ImguiManager.cpp">
      <Filter>Source Files\GUI</Filter>
    </ClCompile>
    <ClCompile Include="Drawable\SpotLight.cpp">
      <Filter>Source Files\Drawable</Filter>
    </ClCompile>
    <ClCompile Include="Drawable\SolidCone.cpp">
      <Filter>Source Files\Drawable</Filter>
    </ClCompile>
    <ClCompile Include="Bindable\Bindables\NullPixelShader.cpp">
      <Filter>Source Files\Bindable\Bindables</Filter>
    </ClCompile>
    <ClCompile Include="Utilities\Testing.cpp">
      <Filter>Source Files\Utilities</Filter>
    </ClCompile>
    <ClCompile Include="Utilities\ChiliXM.cpp">
      <Filter>Source Files\Utilities</Filter>
    </ClCompile>
    <ClCompile Include="Bindable\Bindables\RenderTarget.cpp">
      <Filter>Source Files\Bindable\Bindables</Filter>
    </ClCompile>
    <ClCompile Include="Bindable\Bindables\DepthStencil.cpp">
      <Filter>Source Files\Bindable\Bindables</Filter>
    </ClCompile>
    <ClCompile Include="Bindable\Bindables\TransformCBufScaling.cpp">
      <Filter>Source Files\Bindable\Bindables</Filter>
    </ClCompile>
    <ClCompile Include="Utilities\ChiliException.cpp">
      <Filter>Source Files\Utilities</Filter>
    </ClCompile>
    <ClCompile Include="Graphics\Graphics.cpp">
      <Filter>Source Files\Graphics</Filter>
    </ClCompile>
    <ClCompile Include="Graphics\dxerr.cpp">
      <Filter>Source Files\Graphics</Filter>
    </ClCompile>
    <ClCompile Include="Graphics\DxgiInfoManager.cpp">
      <Filter>Source Files\Graphics</Filter>
    </ClCompile>
    <ClCompile Include="Camera\Camera.cpp">
      <Filter>Source Files\Camera</Filter>
    </ClCompile>
    <ClCompile Include="Drawable\TestCube.cpp">
      <Filter>Source Files\Drawable</Filter>
    </ClCompile>
    <ClCompile Include="Renderer\Model\Vertex.cpp">
      <Filter>Source Files\Renderer\Model</Filter>
    </ClCompile>
    <ClCompile Include="Renderer\Jobber\Step.cpp">
      <Filter>Source Files\Renderer\Jobber</Filter>
    </ClCompile>
    <ClCompile Include="Renderer\Model\Model.cpp">
      <Filter>Source Files\Renderer\Model</Filter>
    </ClCompile>
    <ClCompile Include="Renderer\Model\Node.cpp">
      <Filter>Source Files\Renderer\Model</Filter>
    </ClCompile>
    <ClCompile Include="Renderer\Model\Mesh.cpp">
      <Filter>Source Files\Renderer\Model</Filter>
    </ClCompile>
    <ClCompile Include="Renderer\Model\Material.cpp">
      <Filter>Source Files\Renderer\Model</Filter>
    </ClCompile>
    <ClCompile Include="Renderer\Model\LayoutCodex.cpp">
      <Filter>Source Files\Renderer\Model</Filter>
    </ClCompile>
    <ClCompile Include="Renderer\Jobber\BlurOutlineRenderGraph.cpp">
      <Filter>Source Files\Renderer\Jobber</Filter>
    </ClCompile>
    <ClCompile Include="Renderer\Jobber\Job.cpp">
      <Filter>Source Files\Renderer\Jobber</Filter>
    </ClCompile>
    <ClCompile Include="Renderer\Jobber\Pass.cpp">
      <Filter>Source Files\Renderer\Jobber</Filter>
    </ClCompile>
    <ClCompile Include="Renderer\Jobber\RenderGraph.cpp">
      <Filter>Source Files\Renderer\Jobber</Filter>
    </ClCompile>
    <ClCompile Include="Renderer\Jobber\RenderGraphCompileException.cpp">
      <Filter>Source Files\Renderer\Jobber</Filter>
    </ClCompile>
    <ClCompile Include="Renderer\Jobber\ScanOutlineRenderGraph.cpp">
      <Filter>Source Files\Renderer\Jobber</Filter>
    </ClCompile>
    <ClCompile Include="Renderer\Jobber\Sink.cpp">
      <Filter>Source Files\Renderer\Jobber</Filter>
    </ClCompile>
    <ClCompile Include="Renderer\Jobber\Source.cpp">
      <Filter>Source Files\Renderer\Jobber</Filter>
    </ClCompile>
    <ClCompile Include="Renderer\Jobber\StepLinkingProbe.cpp">
      <Filter>Source Files\Renderer\Jobber</Filter>
    </ClCompile>
    <ClCompile Include="Renderer\Surface.cpp">
      <Filter>Source Files\Renderer\Jobber</Filter>
    </ClCompile>
    <ClCompile Include="Renderer\Jobber\Technique.cpp">
      <Filter>Source Files\Renderer\Jobber</Filter>
    </ClCompile>
    <ClCompile Include="Renderer\Jobber\Passlib\VerticalBlurPass.cpp">
      <Filter>Source Files\Renderer\Jobber\Passlib</Filter>
    </ClCompile>
    <ClCompile Include="Renderer\Jobber\Passlib\BindingPass.cpp">
      <Filter>Source Files\Renderer\Jobber\Passlib</Filter>
    </ClCompile>
    <ClCompile Include="Renderer\Jobber\Passlib\BufferClearPass.cpp">
      <Filter>Source Files\Renderer\Jobber\Passlib</Filter>
    </ClCompile>
    <ClCompile Include="Renderer\Jobber\Passlib\FullscreenPass.cpp">
      <Filter>Source Files\Renderer\Jobber\Passlib</Filter>
    </ClCompile>
    <ClCompile Include="Renderer\Jobber\Passlib\HorizontalBlurPass.cpp">
      <Filter>Source Files\Renderer\Jobber\Passlib</Filter>
    </ClCompile>
    <ClCompile Include="Renderer\Jobber\Passlib\RenderQueuePass.cpp">
      <Filter>Source Files\Renderer\Jobber\Passlib</Filter>
    </ClCompile>
    <ClCompile Include="Utilities\ScriptCommander.cpp">
      <Filter>Source Files\Utilities</Filter>
    </ClCompile>
    <ClCompile Include="Graphics\GraphicsResource.cpp">
      <Filter>Source Files\Graphics</Filter>
    </ClCompile>
    <ClCompile Include="Win32\Mouse.cpp">
      <Filter>Source Files\Win32</Filter>
    </ClCompile>
    <ClCompile Include="Win32\Keyboard.cpp">
      <Filter>Source Files\Win32</Filter>
    </ClCompile>
    <ClCompile Include="Utilities\TexturePreprocessor.cpp">
      <Filter>Source Files\Utilities</Filter>
    </ClCompile>
    <ClCompile Include="Renderer\Model\ModelException.cpp">
      <Filter>Source Files\Renderer\Model</Filter>
    </ClCompile>
    <ClCompile Include="Libraries\imgui\imgui_widgets.cpp">
      <Filter>Source Files\Libraries\imgui</Filter>
    </ClCompile>
    <ClCompile Include="Libraries\imgui\imgui.cpp">
      <Filter>Source Files\Libraries\imgui</Filter>
    </ClCompile>
    <ClCompile Include="Libraries\imgui\imgui_demo.cpp">
      <Filter>Source Files\Libraries\imgui</Filter>
    </ClCompile>
    <ClCompile Include="Libraries\imgui\imgui_draw.cpp">
      <Filter>Source Files\Libraries\imgui</Filter>
    </ClCompile>
    <ClCompile Include="Libraries\imgui\imgui_impl_dx11.cpp">
      <Filter>Source Files\Libraries\imgui</Filter>
    </ClCompile>
    <ClCompile Include="Libraries\imgui\imgui_impl_win32.cpp">
      <Filter>Source Files\Libraries\imgui</Filter>
    </ClCompile>
  </ItemGroup>
  <ItemGroup>
    <ClInclude Include="Bindable\Bindable.h">
      <Filter>Header Files\Bindable</Filter>
    </ClInclude>
    <ClInclude Include="Bindable\BindableCommon.h">
      <Filter>Header Files\Bindable</Filter>
    </ClInclude>
    <ClInclude Include="Bindable\BindableCodex.h">
      <Filter>Header Files\Bindable</Filter>
    </ClInclude>
    <ClInclude Include="Drawable\Drawable.h">
      <Filter>Header Files\Drawable</Filter>
    </ClInclude>
    <ClInclude Include="Bindable\Bindables\ConstantBuffers.h">
      <Filter>Header Files\Bindable\Bindables</Filter>
    </ClInclude>
    <ClInclude Include="Bindable\Bindables\IndexBuffer.h">
      <Filter>Header Files\Bindable\Bindables</Filter>
    </ClInclude>
    <ClInclude Include="Bindable\Bindables\InputLayout.h">
      <Filter>Header Files\Bindable\Bindables</Filter>
    </ClInclude>
    <ClInclude Include="Bindable\Bindables\Topology.h">
      <Filter>Header Files\Bindable\Bindables</Filter>
    </ClInclude>
    <ClInclude Include="Bindable\Bindables\Rasterizer.h">
      <Filter>Header Files\Bindable\Bindables</Filter>
    </ClInclude>
    <ClInclude Include="Bindable\Bindables\PixelShader.h">
      <Filter>Header Files\Bindable\Bindables</Filter>
    </ClInclude>
    <ClInclude Include="Bindable\Bindables\TransformCBuf.h">
      <Filter>Header Files\Bindable\Bindables</Filter>
    </ClInclude>
    <ClInclude Include="Bindable\Bindables\VertexShader.h">
      <Filter>Header Files\Bindable\Bindables</Filter>
    </ClInclude>
    <ClInclude Include="Bindable\Bindables\VertexBuffer.h">
      <Filter>Header Files\Bindable\Bindables</Filter>
    </ClInclude>
    <ClInclude Include="Win32\Window.h">
      <Filter>Header Files\Win32</Filter>
    </ClInclude>
    <ClInclude Include="Utilities\ChiliUtil.h">
      <Filter>Header Files\Utilities</Filter>
    </ClInclude>
    <ClInclude Include="Utilities\NumericDataTypes.h">
      <Filter>Header Files\Utilities</Filter>
    </ClInclude>
    <ClInclude Include="Utilities\ChiliMath.h">
      <Filter>Header Files\Utilities</Filter>
    </ClInclude>
    <ClInclude Include="Utilities\FrameTimer.h">
      <Filter>Header Files\Utilities</Filter>
    </ClInclude>
    <ClInclude Include="Utilities\ChiliXM.h">
      <Filter>Header Files\Utilities</Filter>
    </ClInclude>
    <ClInclude Include="Bindable\Bindables\DynamicConstant.h">
      <Filter>Header Files\Bindable\Bindables</Filter>
    </ClInclude>
    <ClInclude Include="Bindable\Bindables\Texture.h">
      <Filter>Header Files\Bindable\Bindables</Filter>
    </ClInclude>
    <ClInclude Include="Bindable\Bindables\Sampler.h">
      <Filter>Header Files\Bindable\Bindables</Filter>
    </ClInclude>
    <ClInclude Include="Bindable\Bindables\Blender.h">
      <Filter>Header Files\Bindable\Bindables</Filter>
    </ClInclude>
    <ClInclude Include="Shaders\Common\PointLight.hlsl">
      <Filter>Shaders\Common</Filter>
    </ClInclude>
    <ClInclude Include="Win32\WinDefines.h">
      <Filter>Header Files\Win32</Filter>
    </ClInclude>
    <ClInclude Include="Win32\Win32MessageMap.h">
      <Filter>Header Files\Win32</Filter>
    </ClInclude>
    <ClInclude Include="Drawable\DirectionalLight.h">
      <Filter>Header Files\Drawable</Filter>
    </ClInclude>
    <ClInclude Include="Drawable\PointLight.h">
      <Filter>Header Files\Drawable</Filter>
    </ClInclude>
    <ClInclude Include="SceneManager\RenderTechnique.h">
      <Filter>Header Files\SceneManager</Filter>
    </ClInclude>
    <ClInclude Include="SceneManager\SceneManager.h">
      <Filter>Header Files\SceneManager</Filter>
    </ClInclude>
    <ClInclude Include="Bindable\Bindables\ConstantBuffersEx.h">
      <Filter>Header Files\Bindable\Bindables</Filter>
    </ClInclude>
    <ClInclude Include="Bindable\Bindables\StructuredBuffers.h">
      <Filter>Header Files\Bindable\Bindables</Filter>
    </ClInclude>
    <ClInclude Include="SceneManager\LightManager.h">
      <Filter>Header Files\SceneManager</Filter>
    </ClInclude>
    <ClInclude Include="Drawable\SolidSphere.h">
      <Filter>Header Files\Drawable</Filter>
    </ClInclude>
    <ClInclude Include="GUI\ImguiManager.h">
      <Filter>Header Files\GUI</Filter>
    </ClInclude>
    <ClInclude Include="Drawable\SpotLight.h">
      <Filter>Header Files\Drawable</Filter>
    </ClInclude>
    <ClInclude Include="Drawable\SolidCone.h">
      <Filter>Header Files\Drawable</Filter>
    </ClInclude>
    <ClInclude Include="Bindable\Bindables\Stencil.h">
      <Filter>Header Files\Bindable\Bindables</Filter>
    </ClInclude>
    <ClInclude Include="Bindable\Bindables\NullPixelShader.h">
      <Filter>Header Files\Bindable\Bindables</Filter>
    </ClInclude>
    <ClInclude Include="Utilities\PerfLog.h">
      <Filter>Header Files\Utilities</Filter>
    </ClInclude>
    <ClInclude Include="Utilities\Testing.h">
      <Filter>Header Files\Utilities</Filter>
    </ClInclude>
    <ClInclude Include="Bindable\Bindables\RenderTarget.h">
      <Filter>Header Files\Bindable\Bindables</Filter>
    </ClInclude>
    <ClInclude Include="Bindable\Bindables\GraphicsResource.h">
      <Filter>Header Files\Bindable\Bindables</Filter>
    </ClInclude>
    <ClInclude Include="Bindable\Bindables\DepthStencil.h">
      <Filter>Header Files\Bindable\Bindables</Filter>
    </ClInclude>
    <ClInclude Include="Bindable\Bindables\TransformCBufScaling.h">
      <Filter>Header Files\Bindable\Bindables</Filter>
    </ClInclude>
    <ClInclude Include="Utilities\ChiliException.h">
      <Filter>Header Files\Utilities</Filter>
    </ClInclude>
    <ClInclude Include="Graphics\Graphics.h">
      <Filter>Header Files\Graphics</Filter>
    </ClInclude>
    <ClInclude Include="Graphics\dxerr.h">
      <Filter>Header Files\Graphics</Filter>
    </ClInclude>
    <ClInclude Include="Graphics\ChiliWRL.h">
      <Filter>Header Files\Graphics</Filter>
    </ClInclude>
    <ClInclude Include="Graphics\DxgiInfoManager.h">
      <Filter>Header Files\Graphics</Filter>
    </ClInclude>
    <ClInclude Include="Macros\WindowsThrowMacros.h">
      <Filter>Header Files\Macros</Filter>
    </ClInclude>
    <ClInclude Include="Macros\ConditionalNoexcept.h">
      <Filter>Header Files\Macros</Filter>
    </ClInclude>
    <ClInclude Include="Macros\GraphicsThrowMacros.h">
      <Filter>Header Files\Macros</Filter>
    </ClInclude>
    <ClInclude Include="Camera\Camera.h">
      <Filter>Header Files\Camera</Filter>
    </ClInclude>
    <ClInclude Include="Drawable\TestCube.h">
      <Filter>Header Files\Drawable</Filter>
    </ClInclude>
    <ClInclude Include="Renderer\Model\Model.h">
      <Filter>Header Files\Renderer\Model</Filter>
    </ClInclude>
    <ClInclude Include="Renderer\Model\Material.h">
      <Filter>Header Files\Renderer\Model</Filter>
    </ClInclude>
    <ClInclude Include="Renderer\Model\Mesh.h">
      <Filter>Header Files\Renderer\Model</Filter>
    </ClInclude>
    <ClInclude Include="Renderer\Model\Color.h">
      <Filter>Header Files\Renderer\Model</Filter>
    </ClInclude>
    <ClInclude Include="Renderer\Model\IndexedTriangleList.h">
      <Filter>Header Files\Renderer\Model</Filter>
    </ClInclude>
    <ClInclude Include="Renderer\Model\LayoutCodex.h">
      <Filter>Header Files\Renderer\Model</Filter>
    </ClInclude>
    <ClInclude Include="Renderer\Model\Node.h">
      <Filter>Header Files\Renderer\Model</Filter>
    </ClInclude>
    <ClInclude Include="Renderer\Model\Vertex.h">
      <Filter>Header Files\Renderer\Model</Filter>
    </ClInclude>
    <ClInclude Include="Renderer\Jobber\BlurOutlineRenderGraph.h">
      <Filter>Header Files\Renderer\Jobber</Filter>
    </ClInclude>
    <ClInclude Include="Renderer\Jobber\Job.h">
      <Filter>Header Files\Renderer\Jobber</Filter>
    </ClInclude>
    <ClInclude Include="Renderer\Jobber\ModelProbe.h">
      <Filter>Header Files\Renderer\Jobber</Filter>
    </ClInclude>
    <ClInclude Include="Renderer\Jobber\RenderGraph.h">
      <Filter>Header Files\Renderer\Jobber</Filter>
    </ClInclude>
    <ClInclude Include="Renderer\Jobber\RenderGraphCompileException.h">
      <Filter>Header Files\Renderer\Jobber</Filter>
    </ClInclude>
    <ClInclude Include="Renderer\Jobber\ScanOutlineRenderGraph.h">
      <Filter>Header Files\Renderer\Jobber</Filter>
    </ClInclude>
    <ClInclude Include="Renderer\Jobber\Sink.h">
      <Filter>Header Files\Renderer\Jobber</Filter>
    </ClInclude>
    <ClInclude Include="Renderer\Jobber\Source.h">
      <Filter>Header Files\Renderer\Jobber</Filter>
    </ClInclude>
    <ClInclude Include="Renderer\Jobber\Step.h">
      <Filter>Header Files\Renderer\Jobber</Filter>
    </ClInclude>
    <ClInclude Include="Renderer\Jobber\StepLinkingProbe.h">
      <Filter>Header Files\Renderer\Jobber</Filter>
    </ClInclude>
    <ClInclude Include="Renderer\Surface.h">
      <Filter>Header Files\Renderer\Jobber</Filter>
    </ClInclude>
    <ClInclude Include="Renderer\Jobber\Technique.h">
      <Filter>Header Files\Renderer\Jobber</Filter>
    </ClInclude>
    <ClInclude Include="Renderer\Jobber\TechniqueProbe.h">
      <Filter>Header Files\Renderer\Jobber</Filter>
    </ClInclude>
    <ClInclude Include="Renderer\Jobber\TestModelProbe.h">
      <Filter>Header Files\Renderer\Jobber</Filter>
    </ClInclude>
    <ClInclude Include="Renderer\Jobber\Passlib\BindingPass.h">
      <Filter>Header Files\Renderer\Jobber\Passlib</Filter>
    </ClInclude>
    <ClInclude Include="Renderer\Jobber\Passlib\BlurOutlineDrawingPass.h">
      <Filter>Header Files\Renderer\Jobber\Passlib</Filter>
    </ClInclude>
    <ClInclude Include="Renderer\Jobber\Passlib\HorizontalBlurPass.h">
      <Filter>Header Files\Renderer\Jobber\Passlib</Filter>
    </ClInclude>
    <ClInclude Include="Renderer\Jobber\Passlib\BufferClearPass.h">
      <Filter>Header Files\Renderer\Jobber\Passlib</Filter>
    </ClInclude>
    <ClInclude Include="Renderer\Jobber\Passlib\FullscreenPass.h">
      <Filter>Header Files\Renderer\Jobber\Passlib</Filter>
    </ClInclude>
    <ClInclude Include="Renderer\Jobber\Passlib\OutlineDrawingPass.h">
      <Filter>Header Files\Renderer\Jobber\Passlib</Filter>
    </ClInclude>
    <ClInclude Include="Renderer\Jobber\Passlib\LambertianPass.h">
      <Filter>Header Files\Renderer\Jobber\Passlib</Filter>
    </ClInclude>
    <ClInclude Include="Renderer\Jobber\Passlib\OutlineMaskGenerationPass.h">
      <Filter>Header Files\Renderer\Jobber\Passlib</Filter>
    </ClInclude>
    <ClInclude Include="Renderer\Jobber\Passlib\RenderQueuePass.h">
      <Filter>Header Files\Renderer\Jobber\Passlib</Filter>
    </ClInclude>
    <ClInclude Include="Renderer\Jobber\Passlib\VerticalBlurPass.h">
      <Filter>Header Files\Renderer\Jobber\Passlib</Filter>
    </ClInclude>
    <ClInclude Include="Renderer\Jobber\Pass.h">
      <Filter>Header Files\Renderer\Jobber</Filter>
    </ClInclude>
    <ClInclude Include="Utilities\ScriptCommander.h">
      <Filter>Header Files\Utilities</Filter>
    </ClInclude>
    <ClInclude Include="Bindable\Bindables\BufferResource.h">
      <Filter>Header Files\Bindable\Bindables</Filter>
    </ClInclude>
    <ClInclude Include="Graphics\GraphicsResource.h">
      <Filter>Header Files\Graphics</Filter>
    </ClInclude>
    <ClInclude Include="Geometry\Cube.h">
      <Filter>Header Files\Geometry</Filter>
    </ClInclude>
    <ClInclude Include="Geometry\Cone.h">
      <Filter>Header Files\Geometry</Filter>
    </ClInclude>
    <ClInclude Include="App.h">
      <Filter>Header Files</Filter>
    </ClInclude>
    <ClInclude Include="Geometry\Sphere.h">
      <Filter>Header Files\Geometry</Filter>
    </ClInclude>
    <ClInclude Include="Win32\Mouse.h">
      <Filter>Header Files\Win32</Filter>
    </ClInclude>
    <ClInclude Include="Win32\Keyboard.h">
      <Filter>Header Files\Win32</Filter>
    </ClInclude>
    <ClInclude Include="Utilities\TexturePreprocessor.h">
      <Filter>Header Files\Utilities</Filter>
    </ClInclude>
    <ClInclude Include="Renderer\Model\ModelException.h">
      <Filter>Header Files\Renderer\Model</Filter>
    </ClInclude>
    <ClInclude Include="Libraries\imgui\imstb_truetype.h">
      <Filter>Header Files\Libraries\imgui</Filter>
    </ClInclude>
    <ClInclude Include="Libraries\imgui\imconfig.h">
      <Filter>Header Files\Libraries\imgui</Filter>
    </ClInclude>
    <ClInclude Include="Libraries\imgui\imgui.h">
      <Filter>Header Files\Libraries\imgui</Filter>
    </ClInclude>
    <ClInclude Include="Libraries\imgui\imgui_impl_dx11.h">
      <Filter>Header Files\Libraries\imgui</Filter>
    </ClInclude>
    <ClInclude Include="Libraries\imgui\imgui_impl_win32.h">
      <Filter>Header Files\Libraries\imgui</Filter>
    </ClInclude>
    <ClInclude Include="Libraries\imgui\imgui_internal.h">
      <Filter>Header Files\Libraries\imgui</Filter>
    </ClInclude>
    <ClInclude Include="Libraries\imgui\imstb_rectpack.h">
      <Filter>Header Files\Libraries\imgui</Filter>
    </ClInclude>
    <ClInclude Include="Libraries\imgui\imstb_textedit.h">
      <Filter>Header Files\Libraries\imgui</Filter>
    </ClInclude>
  </ItemGroup>
  <ItemGroup>
    <FxCompile Include="Shaders\Common\Transform.hlsl">
      <Filter>Shaders\Common</Filter>
    </FxCompile>
    <FxCompile Include="Shaders\Common\LightVectorData.hlsl">
      <Filter>Shaders\Common</Filter>
    </FxCompile>
    <FxCompile Include="Shaders\Common\ShaderOps.hlsl">
      <Filter>Shaders\Common</Filter>
    </FxCompile>
    <FxCompile Include="Shaders\Deferred\D_PhongPSSpecNormMask.hlsl">
      <Filter>Shaders\Deferred</Filter>
    </FxCompile>
    <FxCompile Include="Shaders\Deferred\D_PhongPS.hlsl">
      <Filter>Shaders\Deferred</Filter>
    </FxCompile>
    <FxCompile Include="Shaders\Deferred\D_PhongPSNormalMap.hlsl">
      <Filter>Shaders\Deferred</Filter>
    </FxCompile>
    <FxCompile Include="Shaders\Deferred\D_PhongPSNotex.hlsl">
      <Filter>Shaders\Deferred</Filter>
    </FxCompile>
    <FxCompile Include="Shaders\Deferred\D_PhongPSSpec.hlsl">
      <Filter>Shaders\Deferred</Filter>
    </FxCompile>
    <FxCompile Include="Shaders\Deferred\D_PhongPSSpecNormalMap.hlsl">
      <Filter>Shaders\Deferred</Filter>
    </FxCompile>
    <FxCompile Include="Shaders\Deferred\LightVS.hlsl">
      <Filter>Shaders\Deferred</Filter>
    </FxCompile>
    <FxCompile Include="Shaders\Deferred\LightPS.hlsl">
      <Filter>Shaders\Deferred</Filter>
    </FxCompile>
    <FxCompile Include="Shaders\Deferred\PointLightVS.hlsl">
      <Filter>Shaders\Deferred</Filter>
    </FxCompile>
    <FxCompile Include="Shaders\Deferred\PointLightPS.hlsl">
      <Filter>Shaders\Deferred</Filter>
    </FxCompile>
    <FxCompile Include="Shaders\Deferred\D_PhongVSNotex.hlsl">
      <Filter>Shaders\Deferred</Filter>
    </FxCompile>
    <FxCompile Include="Shaders\Deferred\D_PhongVS.hlsl">
      <Filter>Shaders\Deferred</Filter>
    </FxCompile>
    <FxCompile Include="Shaders\Deferred\D_PhongVSNormalMap.hlsl">
      <Filter>Shaders\Deferred</Filter>
    </FxCompile>
    <FxCompile Include="Shaders\Common\DirectionalLight.hlsl">
      <Filter>Shaders\Common</Filter>
    </FxCompile>
    <FxCompile Include="Shaders\Common\Solid_PS.hlsl">
      <Filter>Shaders\Common</Filter>
    </FxCompile>
    <FxCompile Include="Shaders\Common\Solid_VS.hlsl">
      <Filter>Shaders\Common</Filter>
    </FxCompile>
    <FxCompile Include="Shaders\Common\SpotLight.hlsl">
      <Filter>Shaders\Common</Filter>
    </FxCompile>
    <FxCompile Include="Shaders\Deferred\SpotLightPS.hlsl">
      <Filter>Shaders\Deferred</Filter>
    </FxCompile>
    <FxCompile Include="Shaders\Deferred\SpotLightVS.hlsl">
      <Filter>Shaders\Deferred</Filter>
    </FxCompile>
    <FxCompile Include="Shaders\Common\CameraData.hlsl">
      <Filter>Shaders\Common</Filter>
    </FxCompile>
    <FxCompile Include="Shaders\Common\DefaultLightSettings.hlsl">
      <Filter>Shaders\Common</Filter>
    </FxCompile>
    <FxCompile Include="Shaders\Forward\Phong_PS.hlsl">
      <Filter>Shaders\Forward</Filter>
    </FxCompile>
    <FxCompile Include="Shaders\Forward\Phong_VS.hlsl">
      <Filter>Shaders\Forward</Filter>
    </FxCompile>
    <FxCompile Include="Shaders\Forward\PhongDif_PS.hlsl">
      <Filter>Shaders\Forward</Filter>
    </FxCompile>
    <FxCompile Include="Shaders\Forward\PhongDif_VS.hlsl">
      <Filter>Shaders\Forward</Filter>
    </FxCompile>
    <FxCompile Include="Shaders\Forward\PhongDifMskSpcNrm_PS.hlsl">
      <Filter>Shaders\Forward</Filter>
    </FxCompile>
    <FxCompile Include="Shaders\Forward\PhongDifMskSpcNrm_VS.hlsl">
      <Filter>Shaders\Forward</Filter>
    </FxCompile>
    <FxCompile Include="Shaders\Forward\PhongDifNrm_PS.hlsl">
      <Filter>Shaders\Forward</Filter>
    </FxCompile>
    <FxCompile Include="Shaders\Forward\PhongDifNrm_VS.hlsl">
      <Filter>Shaders\Forward</Filter>
    </FxCompile>
    <FxCompile Include="Shaders\Forward\PhongDifSpc_PS.hlsl">
      <Filter>Shaders\Forward</Filter>
    </FxCompile>
    <FxCompile Include="Shaders\Forward\PhongDifSpc_VS.hlsl">
      <Filter>Shaders\Forward</Filter>
    </FxCompile>
    <FxCompile Include="Shaders\Forward\PhongDifSpcNrm_PS.hlsl">
      <Filter>Shaders\Forward</Filter>
    </FxCompile>
    <FxCompile Include="Shaders\Forward\PhongDifSpcNrm_VS.hlsl">
      <Filter>Shaders\Forward</Filter>
    </FxCompile>
    <FxCompile Include="Shaders\Common\Offset_VS.hlsl">
      <Filter>Shaders\Common</Filter>
    </FxCompile>
    <FxCompile Include="Shaders\Common\Blur_PS.hlsl">
      <Filter>Shaders\Common</Filter>
    </FxCompile>
    <FxCompile Include="Shaders\Common\FullScreen_VS.hlsl">
      <Filter>Shaders\Common</Filter>
    </FxCompile>
    <FxCompile Include="Shaders\Common\BlurOutline_PS.hlsl">
      <Filter>Shaders\Common</Filter>
    </FxCompile>
    <FxCompile Include="Shaders\Forward\PhongDifMskSpc_PS.hlsl">
      <Filter>Shaders\Forward</Filter>
    </FxCompile>
    <FxCompile Include="Shaders\Forward\PhongDifMskSpc_VS.hlsl">
      <Filter>Shaders\Forward</Filter>
    </FxCompile>
  </ItemGroup>
  <ItemGroup>
    <None Include="cpp.hint" />
    <None Include="Graphics\DXGetErrorDescription.inl">
      <Filter>Header Files\Graphics</Filter>
    </None>
    <None Include="Graphics\DXGetErrorString.inl">
      <Filter>Header Files\Graphics</Filter>
    </None>
    <None Include="Graphics\DXTrace.inl">
      <Filter>Header Files\Graphics</Filter>
    </None>
  </ItemGroup>
</Project>