<?xml version="1.0" encoding="utf-8"?>
<Project ToolsVersion="4.0" xmlns="http://schemas.microsoft.com/developer/msbuild/2003">
  <ItemGroup>
    <Filter Include="Source Files">
      <UniqueIdentifier>{4FC737F1-C7A5-4376-A066-2A32D752A2FF}</UniqueIdentifier>
      <Extensions>cpp;c;cc;cxx;c++;cppm;ixx;def;odl;idl;hpj;bat;asm;asmx</Extensions>
    </Filter>
    <Filter Include="Header Files">
      <UniqueIdentifier>{93995380-89BD-4b04-88EB-625FBE52EBFB}</UniqueIdentifier>
      <Extensions>h;hh;hpp;hxx;h++;hm;inl;inc;ipp;xsd</Extensions>
    </Filter>
    <Filter Include="Resource Files">
      <UniqueIdentifier>{67DA6AB6-F800-4c08-8B7A-83BB121AAD01}</UniqueIdentifier>
      <Extensions>rc;ico;cur;bmp;dlg;rc2;rct;bin;rgs;gif;jpg;jpeg;jpe;resx;tiff;tif;png;wav;mfcribbon-ms</Extensions>
    </Filter>
    <Filter Include="Shaders">
      <UniqueIdentifier>{5db4ff0d-7f62-40e2-ad82-254813c66189}</UniqueIdentifier>
    </Filter>
    <Filter Include="Header Files\Win32">
      <UniqueIdentifier>{fd9536aa-f799-4d89-8521-457568e541b2}</UniqueIdentifier>
    </Filter>
    <Filter Include="Source Files\Win32">
      <UniqueIdentifier>{72f63415-6267-4efb-a745-47d8f98eb16a}</UniqueIdentifier>
    </Filter>
    <Filter Include="Header Files\SceneManager">
      <UniqueIdentifier>{e09104e2-c4ea-40aa-b26c-948cf642d804}</UniqueIdentifier>
    </Filter>
    <Filter Include="Header Files\Bindable">
      <UniqueIdentifier>{8cf1a705-8980-4b11-b836-ebb0e0e7d6b5}</UniqueIdentifier>
    </Filter>
    <Filter Include="Source Files\Bindable">
      <UniqueIdentifier>{1c6472b0-e4bf-487f-b1e4-e44ea244646a}</UniqueIdentifier>
    </Filter>
    <Filter Include="Header Files\Drawable">
      <UniqueIdentifier>{1a6f20d6-81b0-49b3-9145-3c8ebcfa3523}</UniqueIdentifier>
    </Filter>
    <Filter Include="Source Files\Drawable">
      <UniqueIdentifier>{3f2e8c76-b24e-4a2d-826c-f2c34eb70195}</UniqueIdentifier>
    </Filter>
    <Filter Include="Header Files\Bindable\Bindables">
      <UniqueIdentifier>{1fe7dce9-e9b5-479b-a2a4-b2146abae857}</UniqueIdentifier>
    </Filter>
    <Filter Include="Source Files\Bindable\Bindables">
      <UniqueIdentifier>{76be1ffb-0f10-4fd2-a596-3aaab9011167}</UniqueIdentifier>
    </Filter>
    <Filter Include="Source Files\SceneManager">
      <UniqueIdentifier>{119c3f0e-1421-4ea3-9c42-c3b64d926c1f}</UniqueIdentifier>
    </Filter>
  </ItemGroup>
  <ItemGroup>
    <ClCompile Include="WinMain.cpp">
      <Filter>Source Files</Filter>
    </ClCompile>
    <ClCompile Include="App.cpp">
      <Filter>Source Files</Filter>
    </ClCompile>
    <ClCompile Include="SleepyUtil.cpp">
      <Filter>Source Files</Filter>
    </ClCompile>
    <ClCompile Include="Vertex.cpp">
      <Filter>Source Files</Filter>
    </ClCompile>
    <ClCompile Include="FrameTimer.cpp">
      <Filter>Source Files</Filter>
    </ClCompile>
    <ClCompile Include="GraphicsDeviceInterface\D3D11Interface.cpp">
      <Filter>Source Files</Filter>
    </ClCompile>
    <ClCompile Include="GraphicsDeviceInterface\GraphicsDeviceInterface.cpp">
      <Filter>Source Files</Filter>
    </ClCompile>
    <ClCompile Include="Bindable\Bindable.cpp">
      <Filter>Source Files\Bindable</Filter>
    </ClCompile>
    <ClCompile Include="Drawable\Drawable.cpp">
      <Filter>Source Files\Drawable</Filter>
    </ClCompile>
    <ClCompile Include="Drawable\Cube.cpp">
      <Filter>Source Files\Drawable</Filter>
    </ClCompile>
    <ClCompile Include="SceneManager\SceneManager.cpp">
      <Filter>Source Files\SceneManager</Filter>
    </ClCompile>
    <ClCompile Include="SceneManager\Camera.cpp">
      <Filter>Source Files\SceneManager</Filter>
    </ClCompile>
    <ClCompile Include="Bindable\Bindables\VertexShader.cpp">
      <Filter>Source Files\Bindable\Bindables</Filter>
    </ClCompile>
    <ClCompile Include="Bindable\Bindables\VertexBuffer.cpp">
      <Filter>Source Files\Bindable\Bindables</Filter>
    </ClCompile>
    <ClCompile Include="Bindable\Bindables\Topology.cpp">
      <Filter>Source Files\Bindable\Bindables</Filter>
    </ClCompile>
    <ClCompile Include="Bindable\Bindables\TransformCBuf.cpp">
      <Filter>Source Files\Bindable\Bindables</Filter>
    </ClCompile>
    <ClCompile Include="Bindable\Bindables\IndexBuffer.cpp">
      <Filter>Source Files\Bindable\Bindables</Filter>
    </ClCompile>
    <ClCompile Include="Bindable\Bindables\InputLayout.cpp">
      <Filter>Source Files\Bindable\Bindables</Filter>
    </ClCompile>
    <ClCompile Include="Bindable\Bindables\PixelShader.cpp">
      <Filter>Source Files\Bindable\Bindables</Filter>
    </ClCompile>
    <ClCompile Include="Bindable\Bindables\Rasterizer.cpp">
      <Filter>Source Files\Bindable\Bindables</Filter>
    </ClCompile>
    <ClCompile Include="Win32\Mouse.cpp">
      <Filter>Source Files\Win32</Filter>
    </ClCompile>
    <ClCompile Include="Win32\Keyboard.cpp">
      <Filter>Source Files\Win32</Filter>
    </ClCompile>
    <ClCompile Include="Win32\Win32Window.cpp">
      <Filter>Source Files\Win32</Filter>
    </ClCompile>
  </ItemGroup>
  <ItemGroup>
    <ClInclude Include="App.h">
      <Filter>Header Files</Filter>
    </ClInclude>
    <ClInclude Include="NumericDataTypes.h">
      <Filter>Header Files</Filter>
    </ClInclude>
    <ClInclude Include="SleepyMath.h">
      <Filter>Header Files</Filter>
    </ClInclude>
    <ClInclude Include="Vertex.h">
      <Filter>Header Files</Filter>
    </ClInclude>
    <ClInclude Include="SleepyUtil.h">
      <Filter>Header Files</Filter>
    </ClInclude>
    <ClInclude Include="Color.h">
      <Filter>Header Files</Filter>
    </ClInclude>
    <ClInclude Include="IndexedTriangleList.h">
      <Filter>Header Files</Filter>
    </ClInclude>
    <ClInclude Include="FrameTimer.h">
      <Filter>Header Files</Filter>
    </ClInclude>
    <ClInclude Include="GraphicsDeviceInterface\D3D11Interface.h">
      <Filter>Header Files</Filter>
    </ClInclude>
    <ClInclude Include="GraphicsDeviceInterface\GraphicsDeviceInterface.h">
      <Filter>Header Files</Filter>
    </ClInclude>
    <ClInclude Include="Bindable\Bindable.h">
      <Filter>Header Files\Bindable</Filter>
    </ClInclude>
    <ClInclude Include="Bindable\BindableCommon.h">
      <Filter>Header Files\Bindable</Filter>
    </ClInclude>
    <ClInclude Include="Bindable\BindableCodex.h">
      <Filter>Header Files\Bindable</Filter>
    </ClInclude>
    <ClInclude Include="Drawable\Drawable.h">
      <Filter>Header Files\Drawable</Filter>
    </ClInclude>
    <ClInclude Include="Drawable\Cube.h">
      <Filter>Header Files\Drawable</Filter>
    </ClInclude>
    <ClInclude Include="SceneManager\SceneManager.h">
      <Filter>Header Files\SceneManager</Filter>
    </ClInclude>
    <ClInclude Include="SceneManager\Camera.h">
      <Filter>Header Files\SceneManager</Filter>
    </ClInclude>
    <ClInclude Include="Bindable\Bindables\ConstantBuffers.h">
      <Filter>Header Files\Bindable\Bindables</Filter>
    </ClInclude>
    <ClInclude Include="Bindable\Bindables\IndexBuffer.h">
      <Filter>Header Files\Bindable\Bindables</Filter>
    </ClInclude>
    <ClInclude Include="Bindable\Bindables\InputLayout.h">
      <Filter>Header Files\Bindable\Bindables</Filter>
    </ClInclude>
    <ClInclude Include="Bindable\Bindables\Topology.h">
      <Filter>Header Files\Bindable\Bindables</Filter>
    </ClInclude>
    <ClInclude Include="Bindable\Bindables\Rasterizer.h">
      <Filter>Header Files\Bindable\Bindables</Filter>
    </ClInclude>
    <ClInclude Include="Bindable\Bindables\PixelShader.h">
      <Filter>Header Files\Bindable\Bindables</Filter>
    </ClInclude>
    <ClInclude Include="Bindable\Bindables\TransformCBuf.h">
      <Filter>Header Files\Bindable\Bindables</Filter>
    </ClInclude>
    <ClInclude Include="Bindable\Bindables\VertexShader.h">
      <Filter>Header Files\Bindable\Bindables</Filter>
    </ClInclude>
    <ClInclude Include="Bindable\Bindables\VertexBuffer.h">
      <Filter>Header Files\Bindable\Bindables</Filter>
    </ClInclude>
    <ClInclude Include="Win32\Mouse.h">
      <Filter>Header Files\Win32</Filter>
    </ClInclude>
    <ClInclude Include="Win32\Keyboard.h">
      <Filter>Header Files\Win32</Filter>
    </ClInclude>
    <ClInclude Include="Win32\Win32Window.h">
      <Filter>Header Files\Win32</Filter>
    </ClInclude>
  </ItemGroup>
  <ItemGroup>
    <FxCompile Include="PixelShader.hlsl">
      <Filter>Shaders</Filter>
    </FxCompile>
    <FxCompile Include="VertexShader.hlsl">
      <Filter>Shaders</Filter>
    </FxCompile>
  </ItemGroup>
  <ItemGroup>
    <None Include="Transform.hlsl">
      <Filter>Shaders</Filter>
    </None>
    <None Include="ShaderUtils.hlsl">
      <Filter>Shaders</Filter>
    </None>
  </ItemGroup>
</Project>